
Microsoft Visual Studio Solution File, Format Version 12.00
# Visual Studio Version 17
VisualStudioVersion = 17.14.36603.0
MinimumVisualStudioVersion = 10.0.40219.1
Project("{FAE04EC0-301F-11D3-BF4B-00C04F79EFBC}") = "Proyecto01.API", "Proyecto01.API\Proyecto01.API.csproj", "{27A222C6-629E-40E1-B663-890AD70549AF}"
EndProject
Project("{FAE04EC0-301F-11D3-BF4B-00C04F79EFBC}") = "Proyecto01.CORE", "Proyecto01.CORE\Proyecto01.CORE.csproj", "{C8E6C56B-1742-48FE-878E-6BA99F9968B6}"
EndProject
Global
	GlobalSection(SolutionConfigurationPlatforms) = preSolution
		Debug|Any CPU = Debug|Any CPU
		Debug|x64 = Debug|x64
		Debug|x86 = Debug|x86
		Release|Any CPU = Release|Any CPU
		Release|x64 = Release|x64
		Release|x86 = Release|x86
	EndGlobalSection
	GlobalSection(ProjectConfigurationPlatforms) = postSolution
		{27A222C6-629E-40E1-B663-890AD70549AF}.Debug|Any CPU.ActiveCfg = Debug|Any CPU
		{27A222C6-629E-40E1-B663-890AD70549AF}.Debug|Any CPU.Build.0 = Debug|Any CPU
		{27A222C6-629E-40E1-B663-890AD70549AF}.Debug|x64.ActiveCfg = Debug|Any CPU
		{27A222C6-629E-40E1-B663-890AD70549AF}.Debug|x64.Build.0 = Debug|Any CPU
		{27A222C6-629E-40E1-B663-890AD70549AF}.Debug|x86.ActiveCfg = Debug|Any CPU
		{27A222C6-629E-40E1-B663-890AD70549AF}.Debug|x86.Build.0 = Debug|Any CPU
		{27A222C6-629E-40E1-B663-890AD70549AF}.Release|Any CPU.ActiveCfg = Release|Any CPU
		{27A222C6-629E-40E1-B663-890AD70549AF}.Release|Any CPU.Build.0 = Release|Any CPU
		{27A222C6-629E-40E1-B663-890AD70549AF}.Release|x64.ActiveCfg = Release|Any CPU
		{27A222C6-629E-40E1-B663-890AD70549AF}.Release|x64.Build.0 = Release|Any CPU
		{27A222C6-629E-40E1-B663-890AD70549AF}.Release|x86.ActiveCfg = Release|Any CPU
		{27A222C6-629E-40E1-B663-890AD70549AF}.Release|x86.Build.0 = Release|Any CPU
		{C8E6C56B-1742-48FE-878E-6BA99F9968B6}.Debug|Any CPU.ActiveCfg = Debug|Any CPU
		{C8E6C56B-1742-48FE-878E-6BA99F9968B6}.Debug|Any CPU.Build.0 = Debug|Any CPU
		{C8E6C56B-1742-48FE-878E-6BA99F9968B6}.Debug|x64.ActiveCfg = Debug|Any CPU
		{C8E6C56B-1742-48FE-878E-6BA99F9968B6}.Debug|x64.Build.0 = Debug|Any CPU
		{C8E6C56B-1742-48FE-878E-6BA99F9968B6}.Debug|x86.ActiveCfg = Debug|Any CPU
		{C8E6C56B-1742-48FE-878E-6BA99F9968B6}.Debug|x86.Build.0 = Debug|Any CPU
		{C8E6C56B-1742-48FE-878E-6BA99F9968B6}.Release|Any CPU.ActiveCfg = Release|Any CPU
		{C8E6C56B-1742-48FE-878E-6BA99F9968B6}.Release|Any CPU.Build.0 = Release|Any CPU
		{C8E6C56B-1742-48FE-878E-6BA99F9968B6}.Release|x64.ActiveCfg = Release|Any CPU
		{C8E6C56B-1742-48FE-878E-6BA99F9968B6}.Release|x64.Build.0 = Release|Any CPU
		{C8E6C56B-1742-48FE-878E-6BA99F9968B6}.Release|x86.ActiveCfg = Release|Any CPU
		{C8E6C56B-1742-48FE-878E-6BA99F9968B6}.Release|x86.Build.0 = Release|Any CPU
	EndGlobalSection
	GlobalSection(SolutionProperties) = preSolution
		HideSolutionNode = FALSE
	EndGlobalSection
	GlobalSection(ExtensibilityGlobals) = postSolution
		SolutionGuid = {4D1C6BE6-E27C-420B-A72B-FB1EE5A213F4}
	EndGlobalSection
EndGlobal
